
Microsoft Visual Studio Solution File, Format Version 12.00
# Visual Studio Version 17
VisualStudioVersion = 17.8.34525.116
MinimumVisualStudioVersion = 10.0.40219.1
Project("{FAE04EC0-301F-11D3-BF4B-00C04F79EFBC}") = "Familiya_Autoservice", "Familiya_Autoservice.csproj", "{8D8E410A-50F4-4FD5-97DC-BDAF7A48F6A4}"
EndProject
Global
	GlobalSection(SolutionConfigurationPlatforms) = preSolution
		Debug|Any CPU = Debug|Any CPU
		Release|Any CPU = Release|Any CPU
	EndGlobalSection
	GlobalSection(ProjectConfigurationPlatforms) = postSolution
		{8D8E410A-50F4-4FD5-97DC-BDAF7A48F6A4}.Debug|Any CPU.ActiveCfg = Debug|Any CPU
		{8D8E410A-50F4-4FD5-97DC-BDAF7A48F6A4}.Debug|Any CPU.Build.0 = Debug|Any CPU
		{8D8E410A-50F4-4FD5-97DC-BDAF7A48F6A4}.Release|Any CPU.ActiveCfg = Release|Any CPU
		{8D8E410A-50F4-4FD5-97DC-BDAF7A48F6A4}.Release|Any CPU.Build.0 = Release|Any CPU
	EndGlobalSection
	GlobalSection(SolutionProperties) = preSolution
		HideSolutionNode = FALSE
	EndGlobalSection
	GlobalSection(ExtensibilityGlobals) = postSolution
		SolutionGuid = {899DD0CD-B4EF-4C8D-B40A-20B7070A3F6B}
	EndGlobalSection
EndGlobal
